
Microsoft Visual Studio Solution File, Format Version 12.00
# Visual Studio 15
VisualStudioVersion = 15.0.28307.1738
MinimumVisualStudioVersion = 10.0.40219.1
Project("{F14B399A-7131-4C87-9E4B-1186C45EF12D}") = "Superstore Sales Report", "Superstore Sales Report\Superstore Sales Report.rptproj", "{6652A33B-252B-471A-AB02-8EF61156A363}"
EndProject
Global
	GlobalSection(SolutionConfigurationPlatforms) = preSolution
		Debug|Default = Debug|Default
		DebugLocal|Default = DebugLocal|Default
		Release|Default = Release|Default
	EndGlobalSection
	GlobalSection(ProjectConfigurationPlatforms) = postSolution
		{6652A33B-252B-471A-AB02-8EF61156A363}.Debug|Default.ActiveCfg = Debug
		{6652A33B-252B-471A-AB02-8EF61156A363}.Debug|Default.Build.0 = Debug
		{6652A33B-252B-471A-AB02-8EF61156A363}.Debug|Default.Deploy.0 = Debug
		{6652A33B-252B-471A-AB02-8EF61156A363}.DebugLocal|Default.ActiveCfg = DebugLocal
		{6652A33B-252B-471A-AB02-8EF61156A363}.DebugLocal|Default.Build.0 = DebugLocal
		{6652A33B-252B-471A-AB02-8EF61156A363}.Release|Default.ActiveCfg = Release
		{6652A33B-252B-471A-AB02-8EF61156A363}.Release|Default.Build.0 = Release
		{6652A33B-252B-471A-AB02-8EF61156A363}.Release|Default.Deploy.0 = Release
	EndGlobalSection
	GlobalSection(SolutionProperties) = preSolution
		HideSolutionNode = FALSE
	EndGlobalSection
	GlobalSection(ExtensibilityGlobals) = postSolution
		SolutionGuid = {D2BBD53C-97CE-482B-8D0C-D1CB9A127ACE}
	EndGlobalSection
EndGlobal
